// !$*UTF8*$!
{
	archiveVersion = 1;
	classes = {
	};
	objectVersion = 48;
	objects = {

/* Begin PBXBuildFile section */
		56B8A1267924D103E4CE2A85 /* Pods_SnackFeedTests.framework in Frameworks */ = {isa = PBXBuildFile; fileRef = EE7230EDAC2C767A039E5B52 /* Pods_SnackFeedTests.framework */; };
		5E713E43FDDD6929FC611050 /* Pods_SnackFeed.framework in Frameworks */ = {isa = PBXBuildFile; fileRef = 197AE5774DAEE971E4ED35A3 /* Pods_SnackFeed.framework */; };
		824C60DC1F6EE29500A7CF52 /* FeedViewController.swift in Sources */ = {isa = PBXBuildFile; fileRef = 824C60DB1F6EE29500A7CF52 /* FeedViewController.swift */; };
		82585EEC1F65ABD3004B015D /* AppDelegate.swift in Sources */ = {isa = PBXBuildFile; fileRef = 82585EEB1F65ABD3004B015D /* AppDelegate.swift */; };
		82585EF11F65ABD3004B015D /* Main.storyboard in Resources */ = {isa = PBXBuildFile; fileRef = 82585EEF1F65ABD3004B015D /* Main.storyboard */; };
		82585EF41F65ABD3004B015D /* SnackFeed.xcdatamodeld in Sources */ = {isa = PBXBuildFile; fileRef = 82585EF21F65ABD3004B015D /* SnackFeed.xcdatamodeld */; };
		82585EF61F65ABD3004B015D /* Assets.xcassets in Resources */ = {isa = PBXBuildFile; fileRef = 82585EF51F65ABD3004B015D /* Assets.xcassets */; };
		82585EF91F65ABD3004B015D /* LaunchScreen.storyboard in Resources */ = {isa = PBXBuildFile; fileRef = 82585EF71F65ABD3004B015D /* LaunchScreen.storyboard */; };
		82585F041F65ABD3004B015D /* SnackFeedTests.swift in Sources */ = {isa = PBXBuildFile; fileRef = 82585F031F65ABD3004B015D /* SnackFeedTests.swift */; };
		82585F0F1F65ABD3004B015D /* SnackFeedUITests.swift in Sources */ = {isa = PBXBuildFile; fileRef = 82585F0E1F65ABD3004B015D /* SnackFeedUITests.swift */; };
		82585F1D1F65ABF1004B015D /* CreateSnackViewController.swift in Sources */ = {isa = PBXBuildFile; fileRef = 82585F1C1F65ABF1004B015D /* CreateSnackViewController.swift */; };
		82585F1F1F65E967004B015D /* SnackCamera.swift in Sources */ = {isa = PBXBuildFile; fileRef = 82585F1E1F65E967004B015D /* SnackCamera.swift */; };
		82AC9C1C21EC4254000BE01A /* Button.swift in Sources */ = {isa = PBXBuildFile; fileRef = 82AC9C1B21EC4254000BE01A /* Button.swift */; };
		82AC9C1E21EC42BA000BE01A /* UIColor+Lighter.swift in Sources */ = {isa = PBXBuildFile; fileRef = 82AC9C1D21EC42BA000BE01A /* UIColor+Lighter.swift */; };
		8766DDB289FD4E1B0A7CB428 /* Pods_SnackFeedUITests.framework in Frameworks */ = {isa = PBXBuildFile; fileRef = 62A6FD701573D15570CE02E0 /* Pods_SnackFeedUITests.framework */; };
/* End PBXBuildFile section */

/* Begin PBXContainerItemProxy section */
		82585F001F65ABD3004B015D /* PBXContainerItemProxy */ = {
			isa = PBXContainerItemProxy;
			containerPortal = 82585EE01F65ABD3004B015D /* Project object */;
			proxyType = 1;
			remoteGlobalIDString = 82585EE71F65ABD3004B015D;
			remoteInfo = SnackFeed;
		};
		82585F0B1F65ABD3004B015D /* PBXContainerItemProxy */ = {
			isa = PBXContainerItemProxy;
			containerPortal = 82585EE01F65ABD3004B015D /* Project object */;
			proxyType = 1;
			remoteGlobalIDString = 82585EE71F65ABD3004B015D;
			remoteInfo = SnackFeed;
		};
/* End PBXContainerItemProxy section */

/* Begin PBXFileReference section */
		00552B7BE3AA1A160BF8C526 /* Pods-SnackFeedTests.debug.xcconfig */ = {isa = PBXFileReference; includeInIndex = 1; lastKnownFileType = text.xcconfig; name = "Pods-SnackFeedTests.debug.xcconfig"; path = "Pods/Target Support Files/Pods-SnackFeedTests/Pods-SnackFeedTests.debug.xcconfig"; sourceTree = "<group>"; };
		197AE5774DAEE971E4ED35A3 /* Pods_SnackFeed.framework */ = {isa = PBXFileReference; explicitFileType = wrapper.framework; includeInIndex = 0; path = Pods_SnackFeed.framework; sourceTree = BUILT_PRODUCTS_DIR; };
		310857FAAA60FC90D9B3B45B /* Pods-SnackFeedTests.release.xcconfig */ = {isa = PBXFileReference; includeInIndex = 1; lastKnownFileType = text.xcconfig; name = "Pods-SnackFeedTests.release.xcconfig"; path = "Pods/Target Support Files/Pods-SnackFeedTests/Pods-SnackFeedTests.release.xcconfig"; sourceTree = "<group>"; };
		33B687953BC0A7E18052CBC5 /* Pods-SnackFeed.release.xcconfig */ = {isa = PBXFileReference; includeInIndex = 1; lastKnownFileType = text.xcconfig; name = "Pods-SnackFeed.release.xcconfig"; path = "Pods/Target Support Files/Pods-SnackFeed/Pods-SnackFeed.release.xcconfig"; sourceTree = "<group>"; };
		4590035D9DEB6B142B642BBE /* Pods-SnackFeed.debug.xcconfig */ = {isa = PBXFileReference; includeInIndex = 1; lastKnownFileType = text.xcconfig; name = "Pods-SnackFeed.debug.xcconfig"; path = "Pods/Target Support Files/Pods-SnackFeed/Pods-SnackFeed.debug.xcconfig"; sourceTree = "<group>"; };
		53A7A65069046AEEE7571BF8 /* Pods-SnackFeedUITests.release.xcconfig */ = {isa = PBXFileReference; includeInIndex = 1; lastKnownFileType = text.xcconfig; name = "Pods-SnackFeedUITests.release.xcconfig"; path = "Pods/Target Support Files/Pods-SnackFeedUITests/Pods-SnackFeedUITests.release.xcconfig"; sourceTree = "<group>"; };
		62A6FD701573D15570CE02E0 /* Pods_SnackFeedUITests.framework */ = {isa = PBXFileReference; explicitFileType = wrapper.framework; includeInIndex = 0; path = Pods_SnackFeedUITests.framework; sourceTree = BUILT_PRODUCTS_DIR; };
		824C60DB1F6EE29500A7CF52 /* FeedViewController.swift */ = {isa = PBXFileReference; lastKnownFileType = sourcecode.swift; path = FeedViewController.swift; sourceTree = "<group>"; };
		82585EE81F65ABD3004B015D /* SnackFeed.app */ = {isa = PBXFileReference; explicitFileType = wrapper.application; includeInIndex = 0; path = SnackFeed.app; sourceTree = BUILT_PRODUCTS_DIR; };
		82585EEB1F65ABD3004B015D /* AppDelegate.swift */ = {isa = PBXFileReference; lastKnownFileType = sourcecode.swift; path = AppDelegate.swift; sourceTree = "<group>"; };
		82585EF01F65ABD3004B015D /* Base */ = {isa = PBXFileReference; lastKnownFileType = file.storyboard; name = Base; path = Base.lproj/Main.storyboard; sourceTree = "<group>"; };
		82585EF31F65ABD3004B015D /* SnackFeed.xcdatamodel */ = {isa = PBXFileReference; lastKnownFileType = wrapper.xcdatamodel; path = SnackFeed.xcdatamodel; sourceTree = "<group>"; };
		82585EF51F65ABD3004B015D /* Assets.xcassets */ = {isa = PBXFileReference; lastKnownFileType = folder.assetcatalog; path = Assets.xcassets; sourceTree = "<group>"; };
		82585EF81F65ABD3004B015D /* Base */ = {isa = PBXFileReference; lastKnownFileType = file.storyboard; name = Base; path = Base.lproj/LaunchScreen.storyboard; sourceTree = "<group>"; };
		82585EFA1F65ABD3004B015D /* Info.plist */ = {isa = PBXFileReference; lastKnownFileType = text.plist.xml; path = Info.plist; sourceTree = "<group>"; };
		82585EFF1F65ABD3004B015D /* SnackFeedTests.xctest */ = {isa = PBXFileReference; explicitFileType = wrapper.cfbundle; includeInIndex = 0; path = SnackFeedTests.xctest; sourceTree = BUILT_PRODUCTS_DIR; };
		82585F031F65ABD3004B015D /* SnackFeedTests.swift */ = {isa = PBXFileReference; lastKnownFileType = sourcecode.swift; path = SnackFeedTests.swift; sourceTree = "<group>"; };
		82585F051F65ABD3004B015D /* Info.plist */ = {isa = PBXFileReference; lastKnownFileType = text.plist.xml; path = Info.plist; sourceTree = "<group>"; };
		82585F0A1F65ABD3004B015D /* SnackFeedUITests.xctest */ = {isa = PBXFileReference; explicitFileType = wrapper.cfbundle; includeInIndex = 0; path = SnackFeedUITests.xctest; sourceTree = BUILT_PRODUCTS_DIR; };
		82585F0E1F65ABD3004B015D /* SnackFeedUITests.swift */ = {isa = PBXFileReference; lastKnownFileType = sourcecode.swift; path = SnackFeedUITests.swift; sourceTree = "<group>"; };
		82585F101F65ABD3004B015D /* Info.plist */ = {isa = PBXFileReference; lastKnownFileType = text.plist.xml; path = Info.plist; sourceTree = "<group>"; };
		82585F1C1F65ABF1004B015D /* CreateSnackViewController.swift */ = {isa = PBXFileReference; lastKnownFileType = sourcecode.swift; path = CreateSnackViewController.swift; sourceTree = "<group>"; };
		82585F1E1F65E967004B015D /* SnackCamera.swift */ = {isa = PBXFileReference; lastKnownFileType = sourcecode.swift; path = SnackCamera.swift; sourceTree = "<group>"; };
		82AC9C1B21EC4254000BE01A /* Button.swift */ = {isa = PBXFileReference; lastKnownFileType = sourcecode.swift; path = Button.swift; sourceTree = "<group>"; };
		82AC9C1D21EC42BA000BE01A /* UIColor+Lighter.swift */ = {isa = PBXFileReference; lastKnownFileType = sourcecode.swift; path = "UIColor+Lighter.swift"; sourceTree = "<group>"; };
		84AB28ACCF30206AA1C7DB4A /* Pods-SnackFeedUITests.debug.xcconfig */ = {isa = PBXFileReference; includeInIndex = 1; lastKnownFileType = text.xcconfig; name = "Pods-SnackFeedUITests.debug.xcconfig"; path = "Pods/Target Support Files/Pods-SnackFeedUITests/Pods-SnackFeedUITests.debug.xcconfig"; sourceTree = "<group>"; };
		EE7230EDAC2C767A039E5B52 /* Pods_SnackFeedTests.framework */ = {isa = PBXFileReference; explicitFileType = wrapper.framework; includeInIndex = 0; path = Pods_SnackFeedTests.framework; sourceTree = BUILT_PRODUCTS_DIR; };
/* End PBXFileReference section */

/* Begin PBXFrameworksBuildPhase section */
		82585EE51F65ABD3004B015D /* Frameworks */ = {
			isa = PBXFrameworksBuildPhase;
			buildActionMask = 2147483647;
			files = (
				5E713E43FDDD6929FC611050 /* Pods_SnackFeed.framework in Frameworks */,
			);
			runOnlyForDeploymentPostprocessing = 0;
		};
		82585EFC1F65ABD3004B015D /* Frameworks */ = {
			isa = PBXFrameworksBuildPhase;
			buildActionMask = 2147483647;
			files = (
				56B8A1267924D103E4CE2A85 /* Pods_SnackFeedTests.framework in Frameworks */,
			);
			runOnlyForDeploymentPostprocessing = 0;
		};
		82585F071F65ABD3004B015D /* Frameworks */ = {
			isa = PBXFrameworksBuildPhase;
			buildActionMask = 2147483647;
			files = (
				8766DDB289FD4E1B0A7CB428 /* Pods_SnackFeedUITests.framework in Frameworks */,
			);
			runOnlyForDeploymentPostprocessing = 0;
		};
/* End PBXFrameworksBuildPhase section */

/* Begin PBXGroup section */
		010B0555C73EE54E970D334F /* Pods */ = {
			isa = PBXGroup;
			children = (
				4590035D9DEB6B142B642BBE /* Pods-SnackFeed.debug.xcconfig */,
				33B687953BC0A7E18052CBC5 /* Pods-SnackFeed.release.xcconfig */,
				00552B7BE3AA1A160BF8C526 /* Pods-SnackFeedTests.debug.xcconfig */,
				310857FAAA60FC90D9B3B45B /* Pods-SnackFeedTests.release.xcconfig */,
				84AB28ACCF30206AA1C7DB4A /* Pods-SnackFeedUITests.debug.xcconfig */,
				53A7A65069046AEEE7571BF8 /* Pods-SnackFeedUITests.release.xcconfig */,
			);
			name = Pods;
			sourceTree = "<group>";
		};
		181F28BCA4E6C289E7A0620C /* Frameworks */ = {
			isa = PBXGroup;
			children = (
				197AE5774DAEE971E4ED35A3 /* Pods_SnackFeed.framework */,
				EE7230EDAC2C767A039E5B52 /* Pods_SnackFeedTests.framework */,
				62A6FD701573D15570CE02E0 /* Pods_SnackFeedUITests.framework */,
			);
			name = Frameworks;
			sourceTree = "<group>";
		};
		82585EDF1F65ABD3004B015D = {
			isa = PBXGroup;
			children = (
				82585EEA1F65ABD3004B015D /* SnackFeed */,
				82585F021F65ABD3004B015D /* SnackFeedTests */,
				82585F0D1F65ABD3004B015D /* SnackFeedUITests */,
				82585EE91F65ABD3004B015D /* Products */,
				010B0555C73EE54E970D334F /* Pods */,
				181F28BCA4E6C289E7A0620C /* Frameworks */,
			);
			sourceTree = "<group>";
		};
		82585EE91F65ABD3004B015D /* Products */ = {
			isa = PBXGroup;
			children = (
				82585EE81F65ABD3004B015D /* SnackFeed.app */,
				82585EFF1F65ABD3004B015D /* SnackFeedTests.xctest */,
				82585F0A1F65ABD3004B015D /* SnackFeedUITests.xctest */,
			);
			name = Products;
			sourceTree = "<group>";
		};
		82585EEA1F65ABD3004B015D /* SnackFeed */ = {
			isa = PBXGroup;
			children = (
				82585EEB1F65ABD3004B015D /* AppDelegate.swift */,
				82585F1C1F65ABF1004B015D /* CreateSnackViewController.swift */,
				824C60DB1F6EE29500A7CF52 /* FeedViewController.swift */,
				82585F1E1F65E967004B015D /* SnackCamera.swift */,
				82AC9C1B21EC4254000BE01A /* Button.swift */,
				82AC9C1D21EC42BA000BE01A /* UIColor+Lighter.swift */,
				82585EEF1F65ABD3004B015D /* Main.storyboard */,
				82585EF51F65ABD3004B015D /* Assets.xcassets */,
				82585EF71F65ABD3004B015D /* LaunchScreen.storyboard */,
				82585EFA1F65ABD3004B015D /* Info.plist */,
				82585EF21F65ABD3004B015D /* SnackFeed.xcdatamodeld */,
			);
			path = SnackFeed;
			sourceTree = "<group>";
		};
		82585F021F65ABD3004B015D /* SnackFeedTests */ = {
			isa = PBXGroup;
			children = (
				82585F031F65ABD3004B015D /* SnackFeedTests.swift */,
				82585F051F65ABD3004B015D /* Info.plist */,
			);
			path = SnackFeedTests;
			sourceTree = "<group>";
		};
		82585F0D1F65ABD3004B015D /* SnackFeedUITests */ = {
			isa = PBXGroup;
			children = (
				82585F0E1F65ABD3004B015D /* SnackFeedUITests.swift */,
				82585F101F65ABD3004B015D /* Info.plist */,
			);
			path = SnackFeedUITests;
			sourceTree = "<group>";
		};
/* End PBXGroup section */

/* Begin PBXNativeTarget section */
		82585EE71F65ABD3004B015D /* SnackFeed */ = {
			isa = PBXNativeTarget;
			buildConfigurationList = 82585F131F65ABD3004B015D /* Build configuration list for PBXNativeTarget "SnackFeed" */;
			buildPhases = (
				D6E8C887D22BDDE18CB198EA /* [CP] Check Pods Manifest.lock */,
				82585EE41F65ABD3004B015D /* Sources */,
				82585EE51F65ABD3004B015D /* Frameworks */,
				82585EE61F65ABD3004B015D /* Resources */,
				8A551443597CA50B6B646909 /* [CP] Embed Pods Frameworks */,
				B1487E06CF8FEC676BFE0939 /* [CP] Copy Pods Resources */,
			);
			buildRules = (
			);
			dependencies = (
			);
			name = SnackFeed;
			productName = SnackFeed;
			productReference = 82585EE81F65ABD3004B015D /* SnackFeed.app */;
			productType = "com.apple.product-type.application";
		};
		82585EFE1F65ABD3004B015D /* SnackFeedTests */ = {
			isa = PBXNativeTarget;
			buildConfigurationList = 82585F161F65ABD3004B015D /* Build configuration list for PBXNativeTarget "SnackFeedTests" */;
			buildPhases = (
				13ED5EC0E7019A2D1512D5B3 /* [CP] Check Pods Manifest.lock */,
				82585EFB1F65ABD3004B015D /* Sources */,
				82585EFC1F65ABD3004B015D /* Frameworks */,
				82585EFD1F65ABD3004B015D /* Resources */,
				76E44A4461E012B381DA23FE /* [CP] Embed Pods Frameworks */,
				C1FA5909E40A083A53DB0D1B /* [CP] Copy Pods Resources */,
			);
			buildRules = (
			);
			dependencies = (
				82585F011F65ABD3004B015D /* PBXTargetDependency */,
			);
			name = SnackFeedTests;
			productName = SnackFeedTests;
			productReference = 82585EFF1F65ABD3004B015D /* SnackFeedTests.xctest */;
			productType = "com.apple.product-type.bundle.unit-test";
		};
		82585F091F65ABD3004B015D /* SnackFeedUITests */ = {
			isa = PBXNativeTarget;
			buildConfigurationList = 82585F191F65ABD3004B015D /* Build configuration list for PBXNativeTarget "SnackFeedUITests" */;
			buildPhases = (
				6BFD0A962DF0AA63BB90D3B4 /* [CP] Check Pods Manifest.lock */,
				82585F061F65ABD3004B015D /* Sources */,
				82585F071F65ABD3004B015D /* Frameworks */,
				82585F081F65ABD3004B015D /* Resources */,
				2F0B26C5CA1008BA2E56DEB9 /* [CP] Embed Pods Frameworks */,
				CEFFD7C281C0F027C003183D /* [CP] Copy Pods Resources */,
			);
			buildRules = (
			);
			dependencies = (
				82585F0C1F65ABD3004B015D /* PBXTargetDependency */,
			);
			name = SnackFeedUITests;
			productName = SnackFeedUITests;
			productReference = 82585F0A1F65ABD3004B015D /* SnackFeedUITests.xctest */;
			productType = "com.apple.product-type.bundle.ui-testing";
		};
/* End PBXNativeTarget section */

/* Begin PBXProject section */
		82585EE01F65ABD3004B015D /* Project object */ = {
			isa = PBXProject;
			attributes = {
				LastSwiftUpdateCheck = 0900;
				LastUpgradeCheck = 0900;
				ORGANIZATIONNAME = SnackFeed;
				TargetAttributes = {
					82585EE71F65ABD3004B015D = {
						CreatedOnToolsVersion = 9.0;
						ProvisioningStyle = Automatic;
					};
					82585EFE1F65ABD3004B015D = {
						CreatedOnToolsVersion = 9.0;
						ProvisioningStyle = Automatic;
						TestTargetID = 82585EE71F65ABD3004B015D;
					};
					82585F091F65ABD3004B015D = {
						CreatedOnToolsVersion = 9.0;
						ProvisioningStyle = Automatic;
						TestTargetID = 82585EE71F65ABD3004B015D;
					};
				};
			};
			buildConfigurationList = 82585EE31F65ABD3004B015D /* Build configuration list for PBXProject "SnackFeed" */;
			compatibilityVersion = "Xcode 8.0";
			developmentRegion = en;
			hasScannedForEncodings = 0;
			knownRegions = (
				en,
				Base,
			);
			mainGroup = 82585EDF1F65ABD3004B015D;
			productRefGroup = 82585EE91F65ABD3004B015D /* Products */;
			projectDirPath = "";
			projectRoot = "";
			targets = (
				82585EE71F65ABD3004B015D /* SnackFeed */,
				82585EFE1F65ABD3004B015D /* SnackFeedTests */,
				82585F091F65ABD3004B015D /* SnackFeedUITests */,
			);
		};
/* End PBXProject section */

/* Begin PBXResourcesBuildPhase section */
		82585EE61F65ABD3004B015D /* Resources */ = {
			isa = PBXResourcesBuildPhase;
			buildActionMask = 2147483647;
			files = (
				82585EF91F65ABD3004B015D /* LaunchScreen.storyboard in Resources */,
				82585EF61F65ABD3004B015D /* Assets.xcassets in Resources */,
				82585EF11F65ABD3004B015D /* Main.storyboard in Resources */,
			);
			runOnlyForDeploymentPostprocessing = 0;
		};
		82585EFD1F65ABD3004B015D /* Resources */ = {
			isa = PBXResourcesBuildPhase;
			buildActionMask = 2147483647;
			files = (
			);
			runOnlyForDeploymentPostprocessing = 0;
		};
		82585F081F65ABD3004B015D /* Resources */ = {
			isa = PBXResourcesBuildPhase;
			buildActionMask = 2147483647;
			files = (
			);
			runOnlyForDeploymentPostprocessing = 0;
		};
/* End PBXResourcesBuildPhase section */

/* Begin PBXShellScriptBuildPhase section */
		13ED5EC0E7019A2D1512D5B3 /* [CP] Check Pods Manifest.lock */ = {
			isa = PBXShellScriptBuildPhase;
			buildActionMask = 2147483647;
			files = (
			);
			inputPaths = (
			);
			name = "[CP] Check Pods Manifest.lock";
			outputPaths = (
			);
			runOnlyForDeploymentPostprocessing = 0;
			shellPath = /bin/sh;
			shellScript = "diff \"${PODS_PODFILE_DIR_PATH}/Podfile.lock\" \"${PODS_ROOT}/Manifest.lock\" > /dev/null\nif [ $? != 0 ] ; then\n    # print error to STDERR\n    echo \"error: The sandbox is not in sync with the Podfile.lock. Run 'pod install' or update your CocoaPods installation.\" >&2\n    exit 1\nfi\n";
			showEnvVarsInLog = 0;
		};
		2F0B26C5CA1008BA2E56DEB9 /* [CP] Embed Pods Frameworks */ = {
			isa = PBXShellScriptBuildPhase;
			buildActionMask = 2147483647;
			files = (
			);
			inputPaths = (
			);
			name = "[CP] Embed Pods Frameworks";
			outputPaths = (
			);
			runOnlyForDeploymentPostprocessing = 0;
			shellPath = /bin/sh;
			shellScript = "\"${SRCROOT}/Pods/Target Support Files/Pods-SnackFeedUITests/Pods-SnackFeedUITests-frameworks.sh\"\n";
			showEnvVarsInLog = 0;
		};
		6BFD0A962DF0AA63BB90D3B4 /* [CP] Check Pods Manifest.lock */ = {
			isa = PBXShellScriptBuildPhase;
			buildActionMask = 2147483647;
			files = (
			);
			inputPaths = (
			);
			name = "[CP] Check Pods Manifest.lock";
			outputPaths = (
			);
			runOnlyForDeploymentPostprocessing = 0;
			shellPath = /bin/sh;
			shellScript = "diff \"${PODS_PODFILE_DIR_PATH}/Podfile.lock\" \"${PODS_ROOT}/Manifest.lock\" > /dev/null\nif [ $? != 0 ] ; then\n    # print error to STDERR\n    echo \"error: The sandbox is not in sync with the Podfile.lock. Run 'pod install' or update your CocoaPods installation.\" >&2\n    exit 1\nfi\n";
			showEnvVarsInLog = 0;
		};
		76E44A4461E012B381DA23FE /* [CP] Embed Pods Frameworks */ = {
			isa = PBXShellScriptBuildPhase;
			buildActionMask = 2147483647;
			files = (
			);
			inputPaths = (
			);
			name = "[CP] Embed Pods Frameworks";
			outputPaths = (
			);
			runOnlyForDeploymentPostprocessing = 0;
			shellPath = /bin/sh;
			shellScript = "\"${SRCROOT}/Pods/Target Support Files/Pods-SnackFeedTests/Pods-SnackFeedTests-frameworks.sh\"\n";
			showEnvVarsInLog = 0;
		};
		8A551443597CA50B6B646909 /* [CP] Embed Pods Frameworks */ = {
			isa = PBXShellScriptBuildPhase;
			buildActionMask = 2147483647;
			files = (
			);
			inputPaths = (
			);
			name = "[CP] Embed Pods Frameworks";
			outputPaths = (
			);
			runOnlyForDeploymentPostprocessing = 0;
			shellPath = /bin/sh;
			shellScript = "\"${SRCROOT}/Pods/Target Support Files/Pods-SnackFeed/Pods-SnackFeed-frameworks.sh\"\n";
			showEnvVarsInLog = 0;
		};
		B1487E06CF8FEC676BFE0939 /* [CP] Copy Pods Resources */ = {
			isa = PBXShellScriptBuildPhase;
			buildActionMask = 2147483647;
			files = (
			);
			inputPaths = (
			);
			name = "[CP] Copy Pods Resources";
			outputPaths = (
			);
			runOnlyForDeploymentPostprocessing = 0;
			shellPath = /bin/sh;
			shellScript = "\"${SRCROOT}/Pods/Target Support Files/Pods-SnackFeed/Pods-SnackFeed-resources.sh\"\n";
			showEnvVarsInLog = 0;
		};
		C1FA5909E40A083A53DB0D1B /* [CP] Copy Pods Resources */ = {
			isa = PBXShellScriptBuildPhase;
			buildActionMask = 2147483647;
			files = (
			);
			inputPaths = (
			);
			name = "[CP] Copy Pods Resources";
			outputPaths = (
			);
			runOnlyForDeploymentPostprocessing = 0;
			shellPath = /bin/sh;
			shellScript = "\"${SRCROOT}/Pods/Target Support Files/Pods-SnackFeedTests/Pods-SnackFeedTests-resources.sh\"\n";
			showEnvVarsInLog = 0;
		};
		CEFFD7C281C0F027C003183D /* [CP] Copy Pods Resources */ = {
			isa = PBXShellScriptBuildPhase;
			buildActionMask = 2147483647;
			files = (
			);
			inputPaths = (
			);
			name = "[CP] Copy Pods Resources";
			outputPaths = (
			);
			runOnlyForDeploymentPostprocessing = 0;
			shellPath = /bin/sh;
			shellScript = "\"${SRCROOT}/Pods/Target Support Files/Pods-SnackFeedUITests/Pods-SnackFeedUITests-resources.sh\"\n";
			showEnvVarsInLog = 0;
		};
		D6E8C887D22BDDE18CB198EA /* [CP] Check Pods Manifest.lock */ = {
			isa = PBXShellScriptBuildPhase;
			buildActionMask = 2147483647;
			files = (
			);
			inputPaths = (
			);
			name = "[CP] Check Pods Manifest.lock";
			outputPaths = (
			);
			runOnlyForDeploymentPostprocessing = 0;
			shellPath = /bin/sh;
			shellScript = "diff \"${PODS_PODFILE_DIR_PATH}/Podfile.lock\" \"${PODS_ROOT}/Manifest.lock\" > /dev/null\nif [ $? != 0 ] ; then\n    # print error to STDERR\n    echo \"error: The sandbox is not in sync with the Podfile.lock. Run 'pod install' or update your CocoaPods installation.\" >&2\n    exit 1\nfi\n";
			showEnvVarsInLog = 0;
		};
/* End PBXShellScriptBuildPhase section */

/* Begin PBXSourcesBuildPhase section */
		82585EE41F65ABD3004B015D /* Sources */ = {
			isa = PBXSourcesBuildPhase;
			buildActionMask = 2147483647;
			files = (
				82585F1D1F65ABF1004B015D /* CreateSnackViewController.swift in Sources */,
				82AC9C1C21EC4254000BE01A /* Button.swift in Sources */,
				82585F1F1F65E967004B015D /* SnackCamera.swift in Sources */,
				824C60DC1F6EE29500A7CF52 /* FeedViewController.swift in Sources */,
				82585EEC1F65ABD3004B015D /* AppDelegate.swift in Sources */,
				82AC9C1E21EC42BA000BE01A /* UIColor+Lighter.swift in Sources */,
				82585EF41F65ABD3004B015D /* SnackFeed.xcdatamodeld in Sources */,
			);
			runOnlyForDeploymentPostprocessing = 0;
		};
		82585EFB1F65ABD3004B015D /* Sources */ = {
			isa = PBXSourcesBuildPhase;
			buildActionMask = 2147483647;
			files = (
				82585F041F65ABD3004B015D /* SnackFeedTests.swift in Sources */,
			);
			runOnlyForDeploymentPostprocessing = 0;
		};
		82585F061F65ABD3004B015D /* Sources */ = {
			isa = PBXSourcesBuildPhase;
			buildActionMask = 2147483647;
			files = (
				82585F0F1F65ABD3004B015D /* SnackFeedUITests.swift in Sources */,
			);
			runOnlyForDeploymentPostprocessing = 0;
		};
/* End PBXSourcesBuildPhase section */

/* Begin PBXTargetDependency section */
		82585F011F65ABD3004B015D /* PBXTargetDependency */ = {
			isa = PBXTargetDependency;
			target = 82585EE71F65ABD3004B015D /* SnackFeed */;
			targetProxy = 82585F001F65ABD3004B015D /* PBXContainerItemProxy */;
		};
		82585F0C1F65ABD3004B015D /* PBXTargetDependency */ = {
			isa = PBXTargetDependency;
			target = 82585EE71F65ABD3004B015D /* SnackFeed */;
			targetProxy = 82585F0B1F65ABD3004B015D /* PBXContainerItemProxy */;
		};
/* End PBXTargetDependency section */

/* Begin PBXVariantGroup section */
		82585EEF1F65ABD3004B015D /* Main.storyboard */ = {
			isa = PBXVariantGroup;
			children = (
				82585EF01F65ABD3004B015D /* Base */,
			);
			name = Main.storyboard;
			sourceTree = "<group>";
		};
		82585EF71F65ABD3004B015D /* LaunchScreen.storyboard */ = {
			isa = PBXVariantGroup;
			children = (
				82585EF81F65ABD3004B015D /* Base */,
			);
			name = LaunchScreen.storyboard;
			sourceTree = "<group>";
		};
/* End PBXVariantGroup section */

/* Begin XCBuildConfiguration section */
		82585F111F65ABD3004B015D /* Debug */ = {
			isa = XCBuildConfiguration;
			buildSettings = {
				ALWAYS_SEARCH_USER_PATHS = NO;
				CLANG_ANALYZER_NONNULL = YES;
				CLANG_ANALYZER_NUMBER_OBJECT_CONVERSION = YES_AGGRESSIVE;
				CLANG_CXX_LANGUAGE_STANDARD = "gnu++14";
				CLANG_CXX_LIBRARY = "libc++";
				CLANG_ENABLE_MODULES = YES;
				CLANG_ENABLE_OBJC_ARC = YES;
				CLANG_WARN_BLOCK_CAPTURE_AUTORELEASING = YES;
				CLANG_WARN_BOOL_CONVERSION = YES;
				CLANG_WARN_COMMA = YES;
				CLANG_WARN_CONSTANT_CONVERSION = YES;
				CLANG_WARN_DIRECT_OBJC_ISA_USAGE = YES_ERROR;
				CLANG_WARN_DOCUMENTATION_COMMENTS = YES;
				CLANG_WARN_EMPTY_BODY = YES;
				CLANG_WARN_ENUM_CONVERSION = YES;
				CLANG_WARN_INFINITE_RECURSION = YES;
				CLANG_WARN_INT_CONVERSION = YES;
				CLANG_WARN_NON_LITERAL_NULL_CONVERSION = YES;
				CLANG_WARN_OBJC_LITERAL_CONVERSION = YES;
				CLANG_WARN_OBJC_ROOT_CLASS = YES_ERROR;
				CLANG_WARN_RANGE_LOOP_ANALYSIS = YES;
				CLANG_WARN_STRICT_PROTOTYPES = YES;
				CLANG_WARN_SUSPICIOUS_MOVE = YES;
				CLANG_WARN_UNGUARDED_AVAILABILITY = YES_AGGRESSIVE;
				CLANG_WARN_UNREACHABLE_CODE = YES;
				CLANG_WARN__DUPLICATE_METHOD_MATCH = YES;
				CODE_SIGN_IDENTITY = "iPhone Developer";
				COPY_PHASE_STRIP = NO;
				DEBUG_INFORMATION_FORMAT = dwarf;
				ENABLE_STRICT_OBJC_MSGSEND = YES;
				ENABLE_TESTABILITY = YES;
				GCC_C_LANGUAGE_STANDARD = gnu11;
				GCC_DYNAMIC_NO_PIC = NO;
				GCC_NO_COMMON_BLOCKS = YES;
				GCC_OPTIMIZATION_LEVEL = 0;
				GCC_PREPROCESSOR_DEFINITIONS = (
					"DEBUG=1",
					"$(inherited)",
				);
				GCC_WARN_64_TO_32_BIT_CONVERSION = YES;
				GCC_WARN_ABOUT_RETURN_TYPE = YES_ERROR;
				GCC_WARN_UNDECLARED_SELECTOR = YES;
				GCC_WARN_UNINITIALIZED_AUTOS = YES_AGGRESSIVE;
				GCC_WARN_UNUSED_FUNCTION = YES;
				GCC_WARN_UNUSED_VARIABLE = YES;
				IPHONEOS_DEPLOYMENT_TARGET = 11.0;
				MTL_ENABLE_DEBUG_INFO = YES;
				ONLY_ACTIVE_ARCH = YES;
				SDKROOT = iphoneos;
				SWIFT_ACTIVE_COMPILATION_CONDITIONS = DEBUG;
				SWIFT_OPTIMIZATION_LEVEL = "-Onone";
			};
			name = Debug;
		};
		82585F121F65ABD3004B015D /* Release */ = {
			isa = XCBuildConfiguration;
			buildSettings = {
				ALWAYS_SEARCH_USER_PATHS = NO;
				CLANG_ANALYZER_NONNULL = YES;
				CLANG_ANALYZER_NUMBER_OBJECT_CONVERSION = YES_AGGRESSIVE;
				CLANG_CXX_LANGUAGE_STANDARD = "gnu++14";
				CLANG_CXX_LIBRARY = "libc++";
				CLANG_ENABLE_MODULES = YES;
				CLANG_ENABLE_OBJC_ARC = YES;
				CLANG_WARN_BLOCK_CAPTURE_AUTORELEASING = YES;
				CLANG_WARN_BOOL_CONVERSION = YES;
				CLANG_WARN_COMMA = YES;
				CLANG_WARN_CONSTANT_CONVERSION = YES;
				CLANG_WARN_DIRECT_OBJC_ISA_USAGE = YES_ERROR;
				CLANG_WARN_DOCUMENTATION_COMMENTS = YES;
				CLANG_WARN_EMPTY_BODY = YES;
				CLANG_WARN_ENUM_CONVERSION = YES;
				CLANG_WARN_INFINITE_RECURSION = YES;
				CLANG_WARN_INT_CONVERSION = YES;
				CLANG_WARN_NON_LITERAL_NULL_CONVERSION = YES;
				CLANG_WARN_OBJC_LITERAL_CONVERSION = YES;
				CLANG_WARN_OBJC_ROOT_CLASS = YES_ERROR;
				CLANG_WARN_RANGE_LOOP_ANALYSIS = YES;
				CLANG_WARN_STRICT_PROTOTYPES = YES;
				CLANG_WARN_SUSPICIOUS_MOVE = YES;
				CLANG_WARN_UNGUARDED_AVAILABILITY = YES_AGGRESSIVE;
				CLANG_WARN_UNREACHABLE_CODE = YES;
				CLANG_WARN__DUPLICATE_METHOD_MATCH = YES;
				CODE_SIGN_IDENTITY = "iPhone Developer";
				COPY_PHASE_STRIP = NO;
				DEBUG_INFORMATION_FORMAT = "dwarf-with-dsym";
				ENABLE_NS_ASSERTIONS = NO;
				ENABLE_STRICT_OBJC_MSGSEND = YES;
				GCC_C_LANGUAGE_STANDARD = gnu11;
				GCC_NO_COMMON_BLOCKS = YES;
				GCC_WARN_64_TO_32_BIT_CONVERSION = YES;
				GCC_WARN_ABOUT_RETURN_TYPE = YES_ERROR;
				GCC_WARN_UNDECLARED_SELECTOR = YES;
				GCC_WARN_UNINITIALIZED_AUTOS = YES_AGGRESSIVE;
				GCC_WARN_UNUSED_FUNCTION = YES;
				GCC_WARN_UNUSED_VARIABLE = YES;
				IPHONEOS_DEPLOYMENT_TARGET = 11.0;
				MTL_ENABLE_DEBUG_INFO = NO;
				SDKROOT = iphoneos;
				SWIFT_OPTIMIZATION_LEVEL = "-Owholemodule";
				VALIDATE_PRODUCT = YES;
			};
			name = Release;
		};
		82585F141F65ABD3004B015D /* Debug */ = {
			isa = XCBuildConfiguration;
			baseConfigurationReference = 4590035D9DEB6B142B642BBE /* Pods-SnackFeed.debug.xcconfig */;
			buildSettings = {
				ASSETCATALOG_COMPILER_APPICON_NAME = AppIcon;
				CODE_SIGN_STYLE = Automatic;
				DEVELOPMENT_TEAM = 973RBN29J8;
				INFOPLIST_FILE = SnackFeed/Info.plist;
				IPHONEOS_DEPLOYMENT_TARGET = 10.0;
				LD_RUNPATH_SEARCH_PATHS = "$(inherited) @executable_path/Frameworks";
				PRODUCT_BUNDLE_IDENTIFIER = me.snackfeed.SnackFeed;
				PRODUCT_NAME = "$(TARGET_NAME)";
				SWIFT_VERSION = 3.0;
				TARGETED_DEVICE_FAMILY = 1;
			};
			name = Debug;
		};
		82585F151F65ABD3004B015D /* Release */ = {
			isa = XCBuildConfiguration;
			baseConfigurationReference = 33B687953BC0A7E18052CBC5 /* Pods-SnackFeed.release.xcconfig */;
			buildSettings = {
				ASSETCATALOG_COMPILER_APPICON_NAME = AppIcon;
				CODE_SIGN_STYLE = Automatic;
				DEVELOPMENT_TEAM = 973RBN29J8;
				INFOPLIST_FILE = SnackFeed/Info.plist;
				IPHONEOS_DEPLOYMENT_TARGET = 10.0;
				LD_RUNPATH_SEARCH_PATHS = "$(inherited) @executable_path/Frameworks";
				PRODUCT_BUNDLE_IDENTIFIER = me.snackfeed.SnackFeed;
				PRODUCT_NAME = "$(TARGET_NAME)";
				SWIFT_VERSION = 3.0;
				TARGETED_DEVICE_FAMILY = 1;
			};
			name = Release;
		};
		82585F171F65ABD3004B015D /* Debug */ = {
			isa = XCBuildConfiguration;
			baseConfigurationReference = 00552B7BE3AA1A160BF8C526 /* Pods-SnackFeedTests.debug.xcconfig */;
			buildSettings = {
				ALWAYS_EMBED_SWIFT_STANDARD_LIBRARIES = YES;
				BUNDLE_LOADER = "$(TEST_HOST)";
				CODE_SIGN_STYLE = Automatic;
				DEVELOPMENT_TEAM = 973RBN29J8;
				INFOPLIST_FILE = SnackFeedTests/Info.plist;
				LD_RUNPATH_SEARCH_PATHS = "$(inherited) @executable_path/Frameworks @loader_path/Frameworks";
				PRODUCT_BUNDLE_IDENTIFIER = me.snackfeed.SnackFeedTests;
				PRODUCT_NAME = "$(TARGET_NAME)";
				SWIFT_VERSION = 4.0;
				TARGETED_DEVICE_FAMILY = "1,2";
				TEST_HOST = "$(BUILT_PRODUCTS_DIR)/SnackFeed.app/SnackFeed";
			};
			name = Debug;
		};
		82585F181F65ABD3004B015D /* Release */ = {
			isa = XCBuildConfiguration;
			baseConfigurationReference = 310857FAAA60FC90D9B3B45B /* Pods-SnackFeedTests.release.xcconfig */;
			buildSettings = {
				ALWAYS_EMBED_SWIFT_STANDARD_LIBRARIES = YES;
				BUNDLE_LOADER = "$(TEST_HOST)";
				CODE_SIGN_STYLE = Automatic;
				DEVELOPMENT_TEAM = 973RBN29J8;
				INFOPLIST_FILE = SnackFeedTests/Info.plist;
				LD_RUNPATH_SEARCH_PATHS = "$(inherited) @executable_path/Frameworks @loader_path/Frameworks";
				PRODUCT_BUNDLE_IDENTIFIER = me.snackfeed.SnackFeedTests;
				PRODUCT_NAME = "$(TARGET_NAME)";
				SWIFT_VERSION = 4.0;
				TARGETED_DEVICE_FAMILY = "1,2";
				TEST_HOST = "$(BUILT_PRODUCTS_DIR)/SnackFeed.app/SnackFeed";
			};
			name = Release;
		};
		82585F1A1F65ABD3004B015D /* Debug */ = {
			isa = XCBuildConfiguration;
			baseConfigurationReference = 84AB28ACCF30206AA1C7DB4A /* Pods-SnackFeedUITests.debug.xcconfig */;
			buildSettings = {
				ALWAYS_EMBED_SWIFT_STANDARD_LIBRARIES = YES;
				CODE_SIGN_STYLE = Automatic;
				DEVELOPMENT_TEAM = 973RBN29J8;
				INFOPLIST_FILE = SnackFeedUITests/Info.plist;
				LD_RUNPATH_SEARCH_PATHS = "$(inherited) @executable_path/Frameworks @loader_path/Frameworks";
				PRODUCT_BUNDLE_IDENTIFIER = me.snackfeed.SnackFeedUITests;
				PRODUCT_NAME = "$(TARGET_NAME)";
				SWIFT_VERSION = 4.0;
				TARGETED_DEVICE_FAMILY = "1,2";
				TEST_TARGET_NAME = SnackFeed;
			};
			name = Debug;
		};
		82585F1B1F65ABD3004B015D /* Release */ = {
			isa = XCBuildConfiguration;
			baseConfigurationReference = 53A7A65069046AEEE7571BF8 /* Pods-SnackFeedUITests.release.xcconfig */;
			buildSettings = {
				ALWAYS_EMBED_SWIFT_STANDARD_LIBRARIES = YES;
				CODE_SIGN_STYLE = Automatic;
				DEVELOPMENT_TEAM = 973RBN29J8;
				INFOPLIST_FILE = SnackFeedUITests/Info.plist;
				LD_RUNPATH_SEARCH_PATHS = "$(inherited) @executable_path/Frameworks @loader_path/Frameworks";
				PRODUCT_BUNDLE_IDENTIFIER = me.snackfeed.SnackFeedUITests;
				PRODUCT_NAME = "$(TARGET_NAME)";
				SWIFT_VERSION = 4.0;
				TARGETED_DEVICE_FAMILY = "1,2";
				TEST_TARGET_NAME = SnackFeed;
			};
			name = Release;
		};
/* End XCBuildConfiguration section */

/* Begin XCConfigurationList section */
		82585EE31F65ABD3004B015D /* Build configuration list for PBXProject "SnackFeed" */ = {
			isa = XCConfigurationList;
			buildConfigurations = (
				82585F111F65ABD3004B015D /* Debug */,
				82585F121F65ABD3004B015D /* Release */,
			);
			defaultConfigurationIsVisible = 0;
			defaultConfigurationName = Release;
		};
		82585F131F65ABD3004B015D /* Build configuration list for PBXNativeTarget "SnackFeed" */ = {
			isa = XCConfigurationList;
			buildConfigurations = (
				82585F141F65ABD3004B015D /* Debug */,
				82585F151F65ABD3004B015D /* Release */,
			);
			defaultConfigurationIsVisible = 0;
			defaultConfigurationName = Release;
		};
		82585F161F65ABD3004B015D /* Build configuration list for PBXNativeTarget "SnackFeedTests" */ = {
			isa = XCConfigurationList;
			buildConfigurations = (
				82585F171F65ABD3004B015D /* Debug */,
				82585F181F65ABD3004B015D /* Release */,
			);
			defaultConfigurationIsVisible = 0;
			defaultConfigurationName = Release;
		};
		82585F191F65ABD3004B015D /* Build configuration list for PBXNativeTarget "SnackFeedUITests" */ = {
			isa = XCConfigurationList;
			buildConfigurations = (
				82585F1A1F65ABD3004B015D /* Debug */,
				82585F1B1F65ABD3004B015D /* Release */,
			);
			defaultConfigurationIsVisible = 0;
			defaultConfigurationName = Release;
		};
/* End XCConfigurationList section */

/* Begin XCVersionGroup section */
		82585EF21F65ABD3004B015D /* SnackFeed.xcdatamodeld */ = {
			isa = XCVersionGroup;
			children = (
				82585EF31F65ABD3004B015D /* SnackFeed.xcdatamodel */,
			);
			currentVersion = 82585EF31F65ABD3004B015D /* SnackFeed.xcdatamodel */;
			path = SnackFeed.xcdatamodeld;
			sourceTree = "<group>";
			versionGroupType = wrapper.xcdatamodel;
		};
/* End XCVersionGroup section */
	};
	rootObject = 82585EE01F65ABD3004B015D /* Project object */;
}
